
Microsoft Visual Studio Solution File, Format Version 12.00
# Visual Studio Version 17
VisualStudioVersion = 17.3.32825.248
MinimumVisualStudioVersion = 10.0.40219.1
Project("{FAE04EC0-301F-11D3-BF4B-00C04F79EFBC}") = "Task3.2", "Task3.2\Task3.2.csproj", "{15798C4B-7572-4729-B6A5-B753451330EF}"
EndProject
Project("{FAE04EC0-301F-11D3-BF4B-00C04F79EFBC}") = "Task3.3", "Task3.3\Task3.3.csproj", "{AAD901B3-E3DC-457B-9985-CC7FCDF83A9E}"
EndProject
Project("{FAE04EC0-301F-11D3-BF4B-00C04F79EFBC}") = "Task3.5", "Task3.5\Task3.5.csproj", "{9218CA2A-2DD8-478E-9296-BA36883F0C3C}"
EndProject
Global
	GlobalSection(SolutionConfigurationPlatforms) = preSolution
		Debug|Any CPU = Debug|Any CPU
		Release|Any CPU = Release|Any CPU
	EndGlobalSection
	GlobalSection(ProjectConfigurationPlatforms) = postSolution
		{15798C4B-7572-4729-B6A5-B753451330EF}.Debug|Any CPU.ActiveCfg = Debug|Any CPU
		{15798C4B-7572-4729-B6A5-B753451330EF}.Debug|Any CPU.Build.0 = Debug|Any CPU
		{15798C4B-7572-4729-B6A5-B753451330EF}.Release|Any CPU.ActiveCfg = Release|Any CPU
		{15798C4B-7572-4729-B6A5-B753451330EF}.Release|Any CPU.Build.0 = Release|Any CPU
		{AAD901B3-E3DC-457B-9985-CC7FCDF83A9E}.Debug|Any CPU.ActiveCfg = Debug|Any CPU
		{AAD901B3-E3DC-457B-9985-CC7FCDF83A9E}.Debug|Any CPU.Build.0 = Debug|Any CPU
		{AAD901B3-E3DC-457B-9985-CC7FCDF83A9E}.Release|Any CPU.ActiveCfg = Release|Any CPU
		{AAD901B3-E3DC-457B-9985-CC7FCDF83A9E}.Release|Any CPU.Build.0 = Release|Any CPU
		{9218CA2A-2DD8-478E-9296-BA36883F0C3C}.Debug|Any CPU.ActiveCfg = Debug|Any CPU
		{9218CA2A-2DD8-478E-9296-BA36883F0C3C}.Debug|Any CPU.Build.0 = Debug|Any CPU
		{9218CA2A-2DD8-478E-9296-BA36883F0C3C}.Release|Any CPU.ActiveCfg = Release|Any CPU
		{9218CA2A-2DD8-478E-9296-BA36883F0C3C}.Release|Any CPU.Build.0 = Release|Any CPU
	EndGlobalSection
	GlobalSection(SolutionProperties) = preSolution
		HideSolutionNode = FALSE
	EndGlobalSection
	GlobalSection(ExtensibilityGlobals) = postSolution
		SolutionGuid = {2770BD95-A22E-4B32-906D-B886AA53D415}
	EndGlobalSection
EndGlobal
